{
    "default": {
        "netaddr": {
            "version": "==0.7.19",
            "hash": "sha256:56b3558bd71f3f6999e4c52e349f38660e54a7a8a9943335f73dfc96883e08ca"
        },
        "pexpect": {
            "version": "==4.2.1",
            "hash": "sha256:f853b52afaf3b064d29854771e2db509ef80392509bde2dd7a6ecf2dfc3f0018"
        },
        "ptyprocess": {
            "version": "==0.5.2",
            "hash": "sha256:e8c43b5eee76b2083a9badde89fd1bbce6c8942d1045146e100b7b5e014f4f1a"
        },
        "python-libnmap": {
            "version": "==0.7.0",
            "hash": "sha256:9d14919142395aaca952e129398f0c7371c0f0a034c63de6dad99cd7050177ad"
        },
        "asyncio": {
            "version": "==3.4.3",
            "hash": "sha256:c4d18b22701821de07bd6aea8b53d21449ec0ec5680645e5317062ea21817d2d"
        }
    },
    "develop": {},
    "_meta": {
        "sources": [
            {
                "url": "https://pypi.python.org/simple",
                "verify_ssl": true
            }
        ],
        "requires": {},
        "hash": {
            "sha256": "b44e723c4a2e4f92b9327cae6830119a71d5aa28394d73abf0c91fcff6ece439"
        }
    }
}